
Microsoft Visual Studio Solution File, Format Version 12.00
# Visual Studio Version 17
VisualStudioVersion = 17.2.32526.322
MinimumVisualStudioVersion = 10.0.40219.1
Project("{FAE04EC0-301F-11D3-BF4B-00C04F79EFBC}") = "SalesWebMvc", "SalesWebMvc\SalesWebMvc.csproj", "{62795D34-6303-4AC4-B6D4-2277BF358EDE}"
EndProject
Global
	GlobalSection(SolutionConfigurationPlatforms) = preSolution
		Debug|Any CPU = Debug|Any CPU
		Release|Any CPU = Release|Any CPU
	EndGlobalSection
	GlobalSection(ProjectConfigurationPlatforms) = postSolution
		{62795D34-6303-4AC4-B6D4-2277BF358EDE}.Debug|Any CPU.ActiveCfg = Debug|Any CPU
		{62795D34-6303-4AC4-B6D4-2277BF358EDE}.Debug|Any CPU.Build.0 = Debug|Any CPU
		{62795D34-6303-4AC4-B6D4-2277BF358EDE}.Release|Any CPU.ActiveCfg = Release|Any CPU
		{62795D34-6303-4AC4-B6D4-2277BF358EDE}.Release|Any CPU.Build.0 = Release|Any CPU
	EndGlobalSection
	GlobalSection(SolutionProperties) = preSolution
		HideSolutionNode = FALSE
	EndGlobalSection
	GlobalSection(ExtensibilityGlobals) = postSolution
		SolutionGuid = {8B51FC93-4908-486F-A747-64D8EFD80C7E}
	EndGlobalSection
EndGlobal
